# THIS IS AN AUTOGENERATED FILE. DO NOT EDIT THIS FILE DIRECTLY.
# yarn lockfile v1


"@expo/websql@^1.0.1":
  version "1.0.1"
  resolved "https://registry.yarnpkg.com/@expo/websql/-/websql-1.0.1.tgz#fff0cf9c1baa1f70f9e1d658b7c39a420d9b10a9"
  integrity sha1-//DPnBuqH3D54dZYt8OaQg2bEKk=
  dependencies:
    argsarray "^0.0.1"
    immediate "^3.2.2"
    noop-fn "^1.0.0"
    pouchdb-collections "^1.0.1"
    tiny-queue "^0.2.1"

"@types/websql@^0.0.27":
  version "0.0.27"
  resolved "https://registry.yarnpkg.com/@types/websql/-/websql-0.0.27.tgz#621a666a7f02018e7cbb4abab956a25736c27d71"
  integrity sha1-Yhpman8CAY58u0q6uVaiVzbCfXE=

argsarray@^0.0.1:
  version "0.0.1"
  resolved "https://registry.yarnpkg.com/argsarray/-/argsarray-0.0.1.tgz#6e7207b4ecdb39b0af88303fa5ae22bda8df61cb"
  integrity sha1-bnIHtOzbObCviDA/pa4ivajfYcs=

expo-sqlite@^8.1.0:
  version "8.1.0"
  resolved "https://registry.yarnpkg.com/expo-sqlite/-/expo-sqlite-8.1.0.tgz#858eb28e1143db281de8a49c99b4a953a81d0834"
  integrity sha512-ziw6dbV1/sZErDkoGjG0afokyuKQqDtUuJglbLz9rQ6zNS1ceF3AjuEyfsWPDc2LL+QEdcnQODW7VUJelIk+0Q==
  dependencies:
    "@expo/websql" "^1.0.1"
    "@types/websql" "^0.0.27"
    lodash "^4.17.15"

immediate@^3.2.2:
  version "3.2.3"
  resolved "https://registry.yarnpkg.com/immediate/-/immediate-3.2.3.tgz#d140fa8f614659bd6541233097ddaac25cdd991c"
  integrity sha1-0UD6j2FGWb1lQSMwl92qwlzdmRw=

"js-tokens@^3.0.0 || ^4.0.0":
  version "4.0.0"
  resolved "https://registry.yarnpkg.com/js-tokens/-/js-tokens-4.0.0.tgz#19203fb59991df98e3a287050d4647cdeaf32499"
  integrity sha512-RdJUflcE3cUzKiMqQgsCu06FPu9UdIJO0beYbPhHN4k6apgJtifcoCtT9bcxOpYBtpD2kCM6Sbzg4CausW/PKQ==

lodash@^4.17.15:
  version "4.17.21"
  resolved "https://registry.yarnpkg.com/lodash/-/lodash-4.17.21.tgz#679591c564c3bffaae8454cf0b3df370c3d6911c"
  integrity sha512-v2kDEe57lecTulaDIuNTPy3Ry4gLGJ6Z1O3vE1krgXZNrsQ+LFTGHVxVjcXPs17LhbZVGedAJv8XZ1tvj5FvSg==

loose-envify@^1.1.0, loose-envify@^1.4.0:
  version "1.4.0"
  resolved "https://registry.yarnpkg.com/loose-envify/-/loose-envify-1.4.0.tgz#71ee51fa7be4caec1a63839f7e682d8132d30caf"
  integrity sha512-lyuxPGr/Wfhrlem2CL/UcnUc1zcqKAImBDzukY7Y5F/yQiNdko6+fRLevlw1HgMySw7f611UIY408EtxRSoK3Q==
  dependencies:
    js-tokens "^3.0.0 || ^4.0.0"

noop-fn@^1.0.0:
  version "1.0.0"
  resolved "https://registry.yarnpkg.com/noop-fn/-/noop-fn-1.0.0.tgz#5f33d47f13d2150df93e0cb036699e982f78ffbf"
  integrity sha1-XzPUfxPSFQ35PgywNmmemC94/78=

object-assign@^4.1.1:
  version "4.1.1"
  resolved "https://registry.yarnpkg.com/object-assign/-/object-assign-4.1.1.tgz#2109adc7965887cfc05cbbd442cac8bfbb360863"
  integrity sha1-IQmtx5ZYh8/AXLvUQsrIv7s2CGM=

pouchdb-collections@^1.0.1:
  version "1.0.1"
  resolved "https://registry.yarnpkg.com/pouchdb-collections/-/pouchdb-collections-1.0.1.tgz#fe63a17da977611abef7cb8026cb1a9553fd8359"
  integrity sha1-/mOhfal3YRq+98uAJssalVP9g1k=

prop-types@^15.6.2:
  version "15.7.2"
  resolved "https://registry.yarnpkg.com/prop-types/-/prop-types-15.7.2.tgz#52c41e75b8c87e72b9d9360e0206b99dcbffa6c5"
  integrity sha512-8QQikdH7//R2vurIJSutZ1smHYTcLpRWEOlHnzcWHmBYrOGUysKwSsrC89BCiFj3CbrfJ/nXFdJepOVrY1GCHQ==
  dependencies:
    loose-envify "^1.4.0"
    object-assign "^4.1.1"
    react-is "^16.8.1"

react-is@^16.8.1:
  version "16.13.1"
  resolved "https://registry.yarnpkg.com/react-is/-/react-is-16.13.1.tgz#789729a4dc36de2999dc156dd6c1d9c18cea56a4"
  integrity sha512-24e6ynE2H+OKt4kqsOvNd8kBpV65zoxbA4BVsEOB3ARVWQki/DHzaUoC5KuON/BiccDaCCTZBuOcfZs70kR8bQ==

react@^16.8.1:
  version "16.13.1"
  resolved "https://registry.yarnpkg.com/react/-/react-16.13.1.tgz#2e818822f1a9743122c063d6410d85c1e3afe48e"
  integrity sha512-YMZQQq32xHLX0bz5Mnibv1/LHb3Sqzngu7xstSM+vrkE5Kzr9xE0yMByK5kMoTK30YVJE61WfbxIFFvfeDKT1w==
  dependencies:
    loose-envify "^1.1.0"
    object-assign "^4.1.1"
    prop-types "^15.6.2"

tiny-queue@^0.2.1:
  version "0.2.1"
  resolved "https://registry.yarnpkg.com/tiny-queue/-/tiny-queue-0.2.1.tgz#25a67f2c6e253b2ca941977b5ef7442ef97a6046"
  integrity sha1-JaZ/LG4lOyypQZd7XvdELvl6YEY=

tslib@^1.11.1:
  version "1.11.1"
  resolved "https://registry.yarnpkg.com/tslib/-/tslib-1.11.1.tgz#eb15d128827fbee2841549e171f45ed338ac7e35"
  integrity sha512-aZW88SY8kQbU7gpV19lN24LtXh/yD4ZZg6qieAJDDg+YBsJcSmLGK9QpnUjAKVG/xefmvJGd1WUmfpT/g6AJGA==

typescript@^3.8.3:
  version "3.8.3"
  resolved "https://registry.yarnpkg.com/typescript/-/typescript-3.8.3.tgz#409eb8544ea0335711205869ec458ab109ee1061"
  integrity sha512-MYlEfn5VrLNsgudQTVJeNaQFUAI7DkhnOjdpAp4T+ku1TfQClewlbSuTVHiA+8skNBgaf02TL/kLOvig4y3G8w==
